
Microsoft Visual Studio Solution File, Format Version 12.00
# Visual Studio 15
VisualStudioVersion = 15.0.28010.2041
MinimumVisualStudioVersion = 10.0.40219.1
Project("{FAE04EC0-301F-11D3-BF4B-00C04F79EFBC}") = "Cashbox", "Cashbox\Cashbox.csproj", "{312F2D5F-694A-45F3-824E-06ED3C25C31C}"
EndProject
Global
	GlobalSection(SolutionConfigurationPlatforms) = preSolution
		Debug|Any CPU = Debug|Any CPU
		Release|Any CPU = Release|Any CPU
	EndGlobalSection
	GlobalSection(ProjectConfigurationPlatforms) = postSolution
		{312F2D5F-694A-45F3-824E-06ED3C25C31C}.Debug|Any CPU.ActiveCfg = Debug|Any CPU
		{312F2D5F-694A-45F3-824E-06ED3C25C31C}.Debug|Any CPU.Build.0 = Debug|Any CPU
		{312F2D5F-694A-45F3-824E-06ED3C25C31C}.Release|Any CPU.ActiveCfg = Release|Any CPU
		{312F2D5F-694A-45F3-824E-06ED3C25C31C}.Release|Any CPU.Build.0 = Release|Any CPU
	EndGlobalSection
	GlobalSection(SolutionProperties) = preSolution
		HideSolutionNode = FALSE
	EndGlobalSection
	GlobalSection(ExtensibilityGlobals) = postSolution
		SolutionGuid = {B7F764F0-A855-4842-B4E1-3AD8023A93A0}
	EndGlobalSection
EndGlobal
